
Microsoft Visual Studio Solution File, Format Version 12.00
# Visual Studio Version 16
VisualStudioVersion = 16.0.30804.86
MinimumVisualStudioVersion = 10.0.40219.1
Project("{FAE04EC0-301F-11D3-BF4B-00C04F79EFBC}") = "Kolibri", "Kolibri\Kolibri.csproj", "{7EF4C98B-FBDE-428A-B951-ABFF700E0F7B}"
EndProject
Global
	GlobalSection(SolutionConfigurationPlatforms) = preSolution
		Debug|Any CPU = Debug|Any CPU
		Release|Any CPU = Release|Any CPU
	EndGlobalSection
	GlobalSection(ProjectConfigurationPlatforms) = postSolution
		{7EF4C98B-FBDE-428A-B951-ABFF700E0F7B}.Debug|Any CPU.ActiveCfg = Debug|Any CPU
		{7EF4C98B-FBDE-428A-B951-ABFF700E0F7B}.Debug|Any CPU.Build.0 = Debug|Any CPU
		{7EF4C98B-FBDE-428A-B951-ABFF700E0F7B}.Release|Any CPU.ActiveCfg = Release|Any CPU
		{7EF4C98B-FBDE-428A-B951-ABFF700E0F7B}.Release|Any CPU.Build.0 = Release|Any CPU
	EndGlobalSection
	GlobalSection(SolutionProperties) = preSolution
		HideSolutionNode = FALSE
	EndGlobalSection
	GlobalSection(ExtensibilityGlobals) = postSolution
		SolutionGuid = {817DEC7D-8116-4FDE-84ED-A996A87453CF}
	EndGlobalSection
EndGlobal
